
Microsoft Visual Studio Solution File, Format Version 12.00
# Visual Studio Version 17
VisualStudioVersion = 17.12.35506.116
MinimumVisualStudioVersion = 10.0.40219.1
Project("{FAE04EC0-301F-11D3-BF4B-00C04F79EFBC}") = "Blazr.Gallium.Web", "Blazr.Gallium.Web\Blazr.Gallium.Web.csproj", "{BDFCDCE3-A035-4362-B54A-5B7DEF469190}"
EndProject
Project("{FAE04EC0-301F-11D3-BF4B-00C04F79EFBC}") = "Blazr.Gallium", "Blazr.Gallium\Blazr.Gallium.csproj", "{4E8CD731-C04F-4F6C-9E85-48DD59E01D6B}"
EndProject
Global
	GlobalSection(SolutionConfigurationPlatforms) = preSolution
		Debug|Any CPU = Debug|Any CPU
		Release|Any CPU = Release|Any CPU
	EndGlobalSection
	GlobalSection(ProjectConfigurationPlatforms) = postSolution
		{BDFCDCE3-A035-4362-B54A-5B7DEF469190}.Debug|Any CPU.ActiveCfg = Debug|Any CPU
		{BDFCDCE3-A035-4362-B54A-5B7DEF469190}.Debug|Any CPU.Build.0 = Debug|Any CPU
		{BDFCDCE3-A035-4362-B54A-5B7DEF469190}.Release|Any CPU.ActiveCfg = Release|Any CPU
		{BDFCDCE3-A035-4362-B54A-5B7DEF469190}.Release|Any CPU.Build.0 = Release|Any CPU
		{4E8CD731-C04F-4F6C-9E85-48DD59E01D6B}.Debug|Any CPU.ActiveCfg = Debug|Any CPU
		{4E8CD731-C04F-4F6C-9E85-48DD59E01D6B}.Debug|Any CPU.Build.0 = Debug|Any CPU
		{4E8CD731-C04F-4F6C-9E85-48DD59E01D6B}.Release|Any CPU.ActiveCfg = Release|Any CPU
		{4E8CD731-C04F-4F6C-9E85-48DD59E01D6B}.Release|Any CPU.Build.0 = Release|Any CPU
	EndGlobalSection
	GlobalSection(SolutionProperties) = preSolution
		HideSolutionNode = FALSE
	EndGlobalSection
EndGlobal
